<?xml version="1.0" encoding="utf-8"?>
<Project ToolsVersion="4.0" xmlns="http://schemas.microsoft.com/developer/msbuild/2003">
  <ItemGroup>
    <Filter Include="Файлы исходного кода">
      <UniqueIdentifier>{4FC737F1-C7A5-4376-A066-2A32D752A2FF}</UniqueIdentifier>
      <Extensions>cpp;c;cc;cxx;def;odl;idl;hpj;bat;asm;asmx</Extensions>
    </Filter>
    <Filter Include="Заголовочные файлы">
      <UniqueIdentifier>{93995380-89BD-4b04-88EB-625FBE52EBFB}</UniqueIdentifier>
      <Extensions>h;hh;hpp;hxx;hm;inl;inc;xsd</Extensions>
    </Filter>
    <Filter Include="Файлы ресурсов">
      <UniqueIdentifier>{67DA6AB6-F800-4c08-8B7A-83BB121AAD01}</UniqueIdentifier>
      <Extensions>rc;ico;cur;bmp;dlg;rc2;rct;bin;rgs;gif;jpg;jpeg;jpe;resx;tiff;tif;png;wav;mfcribbon-ms</Extensions>
    </Filter>
  </ItemGroup>
  <ItemGroup>
    <ClCompile Include="Main.cpp">
      <Filter>Файлы ресурсов</Filter>
    </ClCompile>
    <ClCompile Include="Student.cpp">
      <Filter>Файлы ресурсов</Filter>
    </ClCompile>
    <ClCompile Include="Group.cpp">
      <Filter>Файлы ресурсов</Filter>
    </ClCompile>
    <ClCompile Include="Course.cpp">
      <Filter>Файлы ресурсов</Filter>
    </ClCompile>
    <ClCompile Include="DailyRating.cpp">
      <Filter>Файлы ресурсов</Filter>
    </ClCompile>
    <ClCompile Include="StudentRating.cpp">
      <Filter>Файлы ресурсов</Filter>
    </ClCompile>
    <ClCompile Include="GroupResult.cpp">
      <Filter>Файлы ресурсов</Filter>
    </ClCompile>
    <ClCompile Include="AttendanceStrategy.cpp">
      <Filter>Файлы ресурсов</Filter>
    </ClCompile>
    <ClCompile Include="PlusStrategy.cpp">
      <Filter>Файлы ресурсов</Filter>
    </ClCompile>
    <ClCompile Include="TestStrategy.cpp">
      <Filter>Файлы ресурсов</Filter>
    </ClCompile>
    <ClCompile Include="AverageStrategy.cpp">
      <Filter>Файлы ресурсов</Filter>
    </ClCompile>
  </ItemGroup>
  <ItemGroup>
    <ClInclude Include="Student.h">
      <Filter>Файлы ресурсов</Filter>
    </ClInclude>
    <ClInclude Include="Group.h">
      <Filter>Файлы ресурсов</Filter>
    </ClInclude>
    <ClInclude Include="DailyRating.h">
      <Filter>Файлы ресурсов</Filter>
    </ClInclude>
    <ClInclude Include="StudentRating.h">
      <Filter>Файлы ресурсов</Filter>
    </ClInclude>
    <ClInclude Include="GroupResult.h">
      <Filter>Файлы ресурсов</Filter>
    </ClInclude>
    <ClInclude Include="Course.h">
      <Filter>Файлы ресурсов</Filter>
    </ClInclude>
    <ClInclude Include="RatingStrategy.h">
      <Filter>Файлы ресурсов</Filter>
    </ClInclude>
    <ClInclude Include="AttendanceStrategy.h">
      <Filter>Файлы ресурсов</Filter>
    </ClInclude>
    <ClInclude Include="PlusStrategy.h">
      <Filter>Файлы ресурсов</Filter>
    </ClInclude>
    <ClInclude Include="TestStrategy.h">
      <Filter>Файлы ресурсов</Filter>
    </ClInclude>
    <ClInclude Include="AverageStrategy.h">
      <Filter>Файлы ресурсов</Filter>
    </ClInclude>
    <ClInclude Include="StudentResult.h">
      <Filter>Файлы ресурсов</Filter>
    </ClInclude>
    <ClInclude Include="SortType.h">
      <Filter>Файлы ресурсов</Filter>
    </ClInclude>
    <ClInclude Include="ResultComparator.h">
      <Filter>Файлы ресурсов</Filter>
    </ClInclude>
    <ClInclude Include="ChooseCourse.h">
      <Filter>Файлы ресурсов</Filter>
    </ClInclude>
    <ClInclude Include="ChooseGroup.h">
      <Filter>Файлы ресурсов</Filter>
    </ClInclude>
    <ClInclude Include="ChooseStudent.h">
      <Filter>Файлы ресурсов</Filter>
    </ClInclude>
    <ClInclude Include="AddStudent.h">
      <Filter>Файлы ресурсов</Filter>
    </ClInclude>
    <ClInclude Include="EditStudent.h">
      <Filter>Файлы ресурсов</Filter>
    </ClInclude>
    <ClInclude Include="AddCourse.h">
      <Filter>Файлы ресурсов</Filter>
    </ClInclude>
    <ClInclude Include="AddProgress.h">
      <Filter>Файлы ресурсов</Filter>
    </ClInclude>
    <ClInclude Include="DeleteStudent.h">
      <Filter>Файлы ресурсов</Filter>
    </ClInclude>
    <ClInclude Include="SplitString.h">
      <Filter>Файлы ресурсов</Filter>
    </ClInclude>
    <ClInclude Include="Report.h">
      <Filter>Файлы ресурсов</Filter>
    </ClInclude>
    <ClInclude Include="PathToBaseFolder.h">
      <Filter>Файлы ресурсов</Filter>
    </ClInclude>
    <ClInclude Include="Criterion.h">
      <Filter>Файлы ресурсов</Filter>
    </ClInclude>
    <ClInclude Include="Commands.h">
      <Filter>Файлы ресурсов</Filter>
    </ClInclude>
  </ItemGroup>
</Project>